// !$*UTF8*$!
{
	archiveVersion = 1;
	classes = {
	};
	objectVersion = 50;
	objects = {

/* Begin PBXBuildFile section */
		14496C24265F3AD2001619A8 /* AppDelegate.swift in Sources */ = {isa = PBXBuildFile; fileRef = 14496C23265F3AD2001619A8 /* AppDelegate.swift */; };
		14496C26265F3AD2001619A8 /* SceneDelegate.swift in Sources */ = {isa = PBXBuildFile; fileRef = 14496C25265F3AD2001619A8 /* SceneDelegate.swift */; };
		14496C28265F3AD2001619A8 /* MainViewController.swift in Sources */ = {isa = PBXBuildFile; fileRef = 14496C27265F3AD2001619A8 /* MainViewController.swift */; };
		14496C2B265F3AD2001619A8 /* Main.storyboard in Resources */ = {isa = PBXBuildFile; fileRef = 14496C29265F3AD2001619A8 /* Main.storyboard */; };
		14496C2E265F3AD2001619A8 /* movie.xcdatamodeld in Sources */ = {isa = PBXBuildFile; fileRef = 14496C2C265F3AD2001619A8 /* movie.xcdatamodeld */; };
		14496C30265F3AD6001619A8 /* Assets.xcassets in Resources */ = {isa = PBXBuildFile; fileRef = 14496C2F265F3AD6001619A8 /* Assets.xcassets */; };
		14496C33265F3AD6001619A8 /* LaunchScreen.storyboard in Resources */ = {isa = PBXBuildFile; fileRef = 14496C31265F3AD6001619A8 /* LaunchScreen.storyboard */; };
		14496C3B265F3E46001619A8 /* FormViewController.swift in Sources */ = {isa = PBXBuildFile; fileRef = 14496C3A265F3E46001619A8 /* FormViewController.swift */; };
		14496C3D265F3F99001619A8 /* Filme.swift in Sources */ = {isa = PBXBuildFile; fileRef = 14496C3C265F3F99001619A8 /* Filme.swift */; };
		14496C3F265F3FE2001619A8 /* Cadastro.swift in Sources */ = {isa = PBXBuildFile; fileRef = 14496C3E265F3FE2001619A8 /* Cadastro.swift */; };
		14D48BE426604BC500CEB814 /* MoviesTableViewController.swift in Sources */ = {isa = PBXBuildFile; fileRef = 14D48BE326604BC500CEB814 /* MoviesTableViewController.swift */; };
		14D48BE62660516100CEB814 /* TableViewController.swift in Sources */ = {isa = PBXBuildFile; fileRef = 14D48BE52660516100CEB814 /* TableViewController.swift */; };
/* End PBXBuildFile section */

/* Begin PBXFileReference section */
		14496C20265F3AD2001619A8 /* movie.app */ = {isa = PBXFileReference; explicitFileType = wrapper.application; includeInIndex = 0; path = movie.app; sourceTree = BUILT_PRODUCTS_DIR; };
		14496C23265F3AD2001619A8 /* AppDelegate.swift */ = {isa = PBXFileReference; lastKnownFileType = sourcecode.swift; path = AppDelegate.swift; sourceTree = "<group>"; };
		14496C25265F3AD2001619A8 /* SceneDelegate.swift */ = {isa = PBXFileReference; lastKnownFileType = sourcecode.swift; path = SceneDelegate.swift; sourceTree = "<group>"; };
		14496C27265F3AD2001619A8 /* MainViewController.swift */ = {isa = PBXFileReference; lastKnownFileType = sourcecode.swift; path = MainViewController.swift; sourceTree = "<group>"; };
		14496C2A265F3AD2001619A8 /* Base */ = {isa = PBXFileReference; lastKnownFileType = file.storyboard; name = Base; path = Base.lproj/Main.storyboard; sourceTree = "<group>"; };
		14496C2D265F3AD2001619A8 /* movie.xcdatamodel */ = {isa = PBXFileReference; lastKnownFileType = wrapper.xcdatamodel; path = movie.xcdatamodel; sourceTree = "<group>"; };
		14496C2F265F3AD6001619A8 /* Assets.xcassets */ = {isa = PBXFileReference; lastKnownFileType = folder.assetcatalog; path = Assets.xcassets; sourceTree = "<group>"; };
		14496C32265F3AD6001619A8 /* Base */ = {isa = PBXFileReference; lastKnownFileType = file.storyboard; name = Base; path = Base.lproj/LaunchScreen.storyboard; sourceTree = "<group>"; };
		14496C34265F3AD6001619A8 /* Info.plist */ = {isa = PBXFileReference; lastKnownFileType = text.plist.xml; path = Info.plist; sourceTree = "<group>"; };
		14496C3A265F3E46001619A8 /* FormViewController.swift */ = {isa = PBXFileReference; lastKnownFileType = sourcecode.swift; path = FormViewController.swift; sourceTree = "<group>"; };
		14496C3C265F3F99001619A8 /* Filme.swift */ = {isa = PBXFileReference; lastKnownFileType = sourcecode.swift; path = Filme.swift; sourceTree = "<group>"; };
		14496C3E265F3FE2001619A8 /* Cadastro.swift */ = {isa = PBXFileReference; lastKnownFileType = sourcecode.swift; path = Cadastro.swift; sourceTree = "<group>"; };
		14D48BE326604BC500CEB814 /* MoviesTableViewController.swift */ = {isa = PBXFileReference; lastKnownFileType = sourcecode.swift; path = MoviesTableViewController.swift; sourceTree = "<group>"; };
		14D48BE52660516100CEB814 /* TableViewController.swift */ = {isa = PBXFileReference; lastKnownFileType = sourcecode.swift; path = TableViewController.swift; sourceTree = "<group>"; };
/* End PBXFileReference section */

/* Begin PBXFrameworksBuildPhase section */
		14496C1D265F3AD2001619A8 /* Frameworks */ = {
			isa = PBXFrameworksBuildPhase;
			buildActionMask = 2147483647;
			files = (
			);
			runOnlyForDeploymentPostprocessing = 0;
		};
/* End PBXFrameworksBuildPhase section */

/* Begin PBXGroup section */
		14496C17265F3AD1001619A8 = {
			isa = PBXGroup;
			children = (
				14496C22265F3AD2001619A8 /* movie */,
				14496C21265F3AD2001619A8 /* Products */,
			);
			sourceTree = "<group>";
		};
		14496C21265F3AD2001619A8 /* Products */ = {
			isa = PBXGroup;
			children = (
				14496C20265F3AD2001619A8 /* movie.app */,
			);
			name = Products;
			sourceTree = "<group>";
		};
		14496C22265F3AD2001619A8 /* movie */ = {
			isa = PBXGroup;
			children = (
				14496C23265F3AD2001619A8 /* AppDelegate.swift */,
				14496C25265F3AD2001619A8 /* SceneDelegate.swift */,
				14496C27265F3AD2001619A8 /* MainViewController.swift */,
				14496C29265F3AD2001619A8 /* Main.storyboard */,
				14D48BE326604BC500CEB814 /* MoviesTableViewController.swift */,
				14D48BE52660516100CEB814 /* TableViewController.swift */,
				14496C2F265F3AD6001619A8 /* Assets.xcassets */,
				14496C31265F3AD6001619A8 /* LaunchScreen.storyboard */,
				14496C34265F3AD6001619A8 /* Info.plist */,
				14496C2C265F3AD2001619A8 /* movie.xcdatamodeld */,
				14496C3A265F3E46001619A8 /* FormViewController.swift */,
				14496C3C265F3F99001619A8 /* Filme.swift */,
				14496C3E265F3FE2001619A8 /* Cadastro.swift */,
			);
			path = movie;
			sourceTree = "<group>";
		};
/* End PBXGroup section */

/* Begin PBXNativeTarget section */
		14496C1F265F3AD2001619A8 /* movie */ = {
			isa = PBXNativeTarget;
			buildConfigurationList = 14496C37265F3AD6001619A8 /* Build configuration list for PBXNativeTarget "movie" */;
			buildPhases = (
				14496C1C265F3AD2001619A8 /* Sources */,
				14496C1D265F3AD2001619A8 /* Frameworks */,
				14496C1E265F3AD2001619A8 /* Resources */,
			);
			buildRules = (
			);
			dependencies = (
			);
			name = movie;
			productName = movie;
			productReference = 14496C20265F3AD2001619A8 /* movie.app */;
			productType = "com.apple.product-type.application";
		};
/* End PBXNativeTarget section */

/* Begin PBXProject section */
		14496C18265F3AD1001619A8 /* Project object */ = {
			isa = PBXProject;
			attributes = {
				LastSwiftUpdateCheck = 1130;
				LastUpgradeCheck = 1130;
				ORGANIZATIONNAME = IFPB;
				TargetAttributes = {
					14496C1F265F3AD2001619A8 = {
						CreatedOnToolsVersion = 11.3.1;
					};
				};
			};
			buildConfigurationList = 14496C1B265F3AD1001619A8 /* Build configuration list for PBXProject "movie" */;
			compatibilityVersion = "Xcode 9.3";
			developmentRegion = en;
			hasScannedForEncodings = 0;
			knownRegions = (
				en,
				Base,
			);
			mainGroup = 14496C17265F3AD1001619A8;
			productRefGroup = 14496C21265F3AD2001619A8 /* Products */;
			projectDirPath = "";
			projectRoot = "";
			targets = (
				14496C1F265F3AD2001619A8 /* movie */,
			);
		};
/* End PBXProject section */

/* Begin PBXResourcesBuildPhase section */
		14496C1E265F3AD2001619A8 /* Resources */ = {
			isa = PBXResourcesBuildPhase;
			buildActionMask = 2147483647;
			files = (
				14496C33265F3AD6001619A8 /* LaunchScreen.storyboard in Resources */,
				14496C30265F3AD6001619A8 /* Assets.xcassets in Resources */,
				14496C2B265F3AD2001619A8 /* Main.storyboard in Resources */,
			);
			runOnlyForDeploymentPostprocessing = 0;
		};
/* End PBXResourcesBuildPhase section */

/* Begin PBXSourcesBuildPhase section */
		14496C1C265F3AD2001619A8 /* Sources */ = {
			isa = PBXSourcesBuildPhase;
			buildActionMask = 2147483647;
			files = (
				14496C3F265F3FE2001619A8 /* Cadastro.swift in Sources */,
				14496C28265F3AD2001619A8 /* MainViewController.swift in Sources */,
				14496C3D265F3F99001619A8 /* Filme.swift in Sources */,
				14496C24265F3AD2001619A8 /* AppDelegate.swift in Sources */,
				14D48BE426604BC500CEB814 /* MoviesTableViewController.swift in Sources */,
				14496C2E265F3AD2001619A8 /* movie.xcdatamodeld in Sources */,
				14496C3B265F3E46001619A8 /* FormViewController.swift in Sources */,
				14D48BE62660516100CEB814 /* TableViewController.swift in Sources */,
				14496C26265F3AD2001619A8 /* SceneDelegate.swift in Sources */,
			);
			runOnlyForDeploymentPostprocessing = 0;
		};
/* End PBXSourcesBuildPhase section */

/* Begin PBXVariantGroup section */
		14496C29265F3AD2001619A8 /* Main.storyboard */ = {
			isa = PBXVariantGroup;
			children = (
				14496C2A265F3AD2001619A8 /* Base */,
			);
			name = Main.storyboard;
			sourceTree = "<group>";
		};
		14496C31265F3AD6001619A8 /* LaunchScreen.storyboard */ = {
			isa = PBXVariantGroup;
			children = (
				14496C32265F3AD6001619A8 /* Base */,
			);
			name = LaunchScreen.storyboard;
			sourceTree = "<group>";
		};
/* End PBXVariantGroup section */

/* Begin XCBuildConfiguration section */
		14496C35265F3AD6001619A8 /* Debug */ = {
			isa = XCBuildConfiguration;
			buildSettings = {
				ALWAYS_SEARCH_USER_PATHS = NO;
				CLANG_ANALYZER_NONNULL = YES;
				CLANG_ANALYZER_NUMBER_OBJECT_CONVERSION = YES_AGGRESSIVE;
				CLANG_CXX_LANGUAGE_STANDARD = "gnu++14";
				CLANG_CXX_LIBRARY = "libc++";
				CLANG_ENABLE_MODULES = YES;
				CLANG_ENABLE_OBJC_ARC = YES;
				CLANG_ENABLE_OBJC_WEAK = YES;
				CLANG_WARN_BLOCK_CAPTURE_AUTORELEASING = YES;
				CLANG_WARN_BOOL_CONVERSION = YES;
				CLANG_WARN_COMMA = YES;
				CLANG_WARN_CONSTANT_CONVERSION = YES;
				CLANG_WARN_DEPRECATED_OBJC_IMPLEMENTATIONS = YES;
				CLANG_WARN_DIRECT_OBJC_ISA_USAGE = YES_ERROR;
				CLANG_WARN_DOCUMENTATION_COMMENTS = YES;
				CLANG_WARN_EMPTY_BODY = YES;
				CLANG_WARN_ENUM_CONVERSION = YES;
				CLANG_WARN_INFINITE_RECURSION = YES;
				CLANG_WARN_INT_CONVERSION = YES;
				CLANG_WARN_NON_LITERAL_NULL_CONVERSION = YES;
				CLANG_WARN_OBJC_IMPLICIT_RETAIN_SELF = YES;
				CLANG_WARN_OBJC_LITERAL_CONVERSION = YES;
				CLANG_WARN_OBJC_ROOT_CLASS = YES_ERROR;
				CLANG_WARN_RANGE_LOOP_ANALYSIS = YES;
				CLANG_WARN_STRICT_PROTOTYPES = YES;
				CLANG_WARN_SUSPICIOUS_MOVE = YES;
				CLANG_WARN_UNGUARDED_AVAILABILITY = YES_AGGRESSIVE;
				CLANG_WARN_UNREACHABLE_CODE = YES;
				CLANG_WARN__DUPLICATE_METHOD_MATCH = YES;
				COPY_PHASE_STRIP = NO;
				DEBUG_INFORMATION_FORMAT = dwarf;
				ENABLE_STRICT_OBJC_MSGSEND = YES;
				ENABLE_TESTABILITY = YES;
				GCC_C_LANGUAGE_STANDARD = gnu11;
				GCC_DYNAMIC_NO_PIC = NO;
				GCC_NO_COMMON_BLOCKS = YES;
				GCC_OPTIMIZATION_LEVEL = 0;
				GCC_PREPROCESSOR_DEFINITIONS = (
					"DEBUG=1",
					"$(inherited)",
				);
				GCC_WARN_64_TO_32_BIT_CONVERSION = YES;
				GCC_WARN_ABOUT_RETURN_TYPE = YES_ERROR;
				GCC_WARN_UNDECLARED_SELECTOR = YES;
				GCC_WARN_UNINITIALIZED_AUTOS = YES_AGGRESSIVE;
				GCC_WARN_UNUSED_FUNCTION = YES;
				GCC_WARN_UNUSED_VARIABLE = YES;
				IPHONEOS_DEPLOYMENT_TARGET = 13.2;
				MTL_ENABLE_DEBUG_INFO = INCLUDE_SOURCE;
				MTL_FAST_MATH = YES;
				ONLY_ACTIVE_ARCH = YES;
				SDKROOT = iphoneos;
				SWIFT_ACTIVE_COMPILATION_CONDITIONS = DEBUG;
				SWIFT_OPTIMIZATION_LEVEL = "-Onone";
			};
			name = Debug;
		};
		14496C36265F3AD6001619A8 /* Release */ = {
			isa = XCBuildConfiguration;
			buildSettings = {
				ALWAYS_SEARCH_USER_PATHS = NO;
				CLANG_ANALYZER_NONNULL = YES;
				CLANG_ANALYZER_NUMBER_OBJECT_CONVERSION = YES_AGGRESSIVE;
				CLANG_CXX_LANGUAGE_STANDARD = "gnu++14";
				CLANG_CXX_LIBRARY = "libc++";
				CLANG_ENABLE_MODULES = YES;
				CLANG_ENABLE_OBJC_ARC = YES;
				CLANG_ENABLE_OBJC_WEAK = YES;
				CLANG_WARN_BLOCK_CAPTURE_AUTORELEASING = YES;
				CLANG_WARN_BOOL_CONVERSION = YES;
				CLANG_WARN_COMMA = YES;
				CLANG_WARN_CONSTANT_CONVERSION = YES;
				CLANG_WARN_DEPRECATED_OBJC_IMPLEMENTATIONS = YES;
				CLANG_WARN_DIRECT_OBJC_ISA_USAGE = YES_ERROR;
				CLANG_WARN_DOCUMENTATION_COMMENTS = YES;
				CLANG_WARN_EMPTY_BODY = YES;
				CLANG_WARN_ENUM_CONVERSION = YES;
				CLANG_WARN_INFINITE_RECURSION = YES;
				CLANG_WARN_INT_CONVERSION = YES;
				CLANG_WARN_NON_LITERAL_NULL_CONVERSION = YES;
				CLANG_WARN_OBJC_IMPLICIT_RETAIN_SELF = YES;
				CLANG_WARN_OBJC_LITERAL_CONVERSION = YES;
				CLANG_WARN_OBJC_ROOT_CLASS = YES_ERROR;
				CLANG_WARN_RANGE_LOOP_ANALYSIS = YES;
				CLANG_WARN_STRICT_PROTOTYPES = YES;
				CLANG_WARN_SUSPICIOUS_MOVE = YES;
				CLANG_WARN_UNGUARDED_AVAILABILITY = YES_AGGRESSIVE;
				CLANG_WARN_UNREACHABLE_CODE = YES;
				CLANG_WARN__DUPLICATE_METHOD_MATCH = YES;
				COPY_PHASE_STRIP = NO;
				DEBUG_INFORMATION_FORMAT = "dwarf-with-dsym";
				ENABLE_NS_ASSERTIONS = NO;
				ENABLE_STRICT_OBJC_MSGSEND = YES;
				GCC_C_LANGUAGE_STANDARD = gnu11;
				GCC_NO_COMMON_BLOCKS = YES;
				GCC_WARN_64_TO_32_BIT_CONVERSION = YES;
				GCC_WARN_ABOUT_RETURN_TYPE = YES_ERROR;
				GCC_WARN_UNDECLARED_SELECTOR = YES;
				GCC_WARN_UNINITIALIZED_AUTOS = YES_AGGRESSIVE;
				GCC_WARN_UNUSED_FUNCTION = YES;
				GCC_WARN_UNUSED_VARIABLE = YES;
				IPHONEOS_DEPLOYMENT_TARGET = 13.2;
				MTL_ENABLE_DEBUG_INFO = NO;
				MTL_FAST_MATH = YES;
				SDKROOT = iphoneos;
				SWIFT_COMPILATION_MODE = wholemodule;
				SWIFT_OPTIMIZATION_LEVEL = "-O";
				VALIDATE_PRODUCT = YES;
			};
			name = Release;
		};
		14496C38265F3AD6001619A8 /* Debug */ = {
			isa = XCBuildConfiguration;
			buildSettings = {
				ASSETCATALOG_COMPILER_APPICON_NAME = AppIcon;
				CODE_SIGN_STYLE = Automatic;
				INFOPLIST_FILE = movie/Info.plist;
				LD_RUNPATH_SEARCH_PATHS = (
					"$(inherited)",
					"@executable_path/Frameworks",
				);
				PRODUCT_BUNDLE_IDENTIFIER = com.ifpb.movie;
				PRODUCT_NAME = "$(TARGET_NAME)";
				SWIFT_VERSION = 5.0;
				TARGETED_DEVICE_FAMILY = "1,2";
			};
			name = Debug;
		};
		14496C39265F3AD6001619A8 /* Release */ = {
			isa = XCBuildConfiguration;
			buildSettings = {
				ASSETCATALOG_COMPILER_APPICON_NAME = AppIcon;
				CODE_SIGN_STYLE = Automatic;
				INFOPLIST_FILE = movie/Info.plist;
				LD_RUNPATH_SEARCH_PATHS = (
					"$(inherited)",
					"@executable_path/Frameworks",
				);
				PRODUCT_BUNDLE_IDENTIFIER = com.ifpb.movie;
				PRODUCT_NAME = "$(TARGET_NAME)";
				SWIFT_VERSION = 5.0;
				TARGETED_DEVICE_FAMILY = "1,2";
			};
			name = Release;
		};
/* End XCBuildConfiguration section */

/* Begin XCConfigurationList section */
		14496C1B265F3AD1001619A8 /* Build configuration list for PBXProject "movie" */ = {
			isa = XCConfigurationList;
			buildConfigurations = (
				14496C35265F3AD6001619A8 /* Debug */,
				14496C36265F3AD6001619A8 /* Release */,
			);
			defaultConfigurationIsVisible = 0;
			defaultConfigurationName = Release;
		};
		14496C37265F3AD6001619A8 /* Build configuration list for PBXNativeTarget "movie" */ = {
			isa = XCConfigurationList;
			buildConfigurations = (
				14496C38265F3AD6001619A8 /* Debug */,
				14496C39265F3AD6001619A8 /* Release */,
			);
			defaultConfigurationIsVisible = 0;
			defaultConfigurationName = Release;
		};
/* End XCConfigurationList section */

/* Begin XCVersionGroup section */
		14496C2C265F3AD2001619A8 /* movie.xcdatamodeld */ = {
			isa = XCVersionGroup;
			children = (
				14496C2D265F3AD2001619A8 /* movie.xcdatamodel */,
			);
			currentVersion = 14496C2D265F3AD2001619A8 /* movie.xcdatamodel */;
			path = movie.xcdatamodeld;
			sourceTree = "<group>";
			versionGroupType = wrapper.xcdatamodel;
		};
/* End XCVersionGroup section */
	};
	rootObject = 14496C18265F3AD1001619A8 /* Project object */;
}
